// !$*UTF8*$!
{
	archiveVersion = 1;
	classes = {
	};
	objectVersion = 50;
	objects = {

/* Begin PBXBuildFile section */
		19668EED24A6AA6200759313 /* AppDelegate.swift in Sources */ = {isa = PBXBuildFile; fileRef = 19668EEC24A6AA6200759313 /* AppDelegate.swift */; };
		19668EEF24A6AA6200759313 /* ViewController.swift in Sources */ = {isa = PBXBuildFile; fileRef = 19668EEE24A6AA6200759313 /* ViewController.swift */; };
		19668EF224A6AA6200759313 /* Main.storyboard in Resources */ = {isa = PBXBuildFile; fileRef = 19668EF024A6AA6200759313 /* Main.storyboard */; };
		19668EF424A6AA6C00759313 /* Assets.xcassets in Resources */ = {isa = PBXBuildFile; fileRef = 19668EF324A6AA6C00759313 /* Assets.xcassets */; };
		19668EF724A6AA6C00759313 /* LaunchScreen.storyboard in Resources */ = {isa = PBXBuildFile; fileRef = 19668EF524A6AA6C00759313 /* LaunchScreen.storyboard */; };
		19668F0224A6AA6D00759313 /* knowuTests.swift in Sources */ = {isa = PBXBuildFile; fileRef = 19668F0124A6AA6D00759313 /* knowuTests.swift */; };
		19668F0D24A6AA6D00759313 /* knowuUITests.swift in Sources */ = {isa = PBXBuildFile; fileRef = 19668F0C24A6AA6D00759313 /* knowuUITests.swift */; };
/* End PBXBuildFile section */

/* Begin PBXContainerItemProxy section */
		19668EFE24A6AA6D00759313 /* PBXContainerItemProxy */ = {
			isa = PBXContainerItemProxy;
			containerPortal = 19668EE124A6AA6200759313 /* Project object */;
			proxyType = 1;
			remoteGlobalIDString = 19668EE824A6AA6200759313;
			remoteInfo = knowu;
		};
		19668F0924A6AA6D00759313 /* PBXContainerItemProxy */ = {
			isa = PBXContainerItemProxy;
			containerPortal = 19668EE124A6AA6200759313 /* Project object */;
			proxyType = 1;
			remoteGlobalIDString = 19668EE824A6AA6200759313;
			remoteInfo = knowu;
		};
/* End PBXContainerItemProxy section */

/* Begin PBXFileReference section */
		19668EE924A6AA6200759313 /* knowu.app */ = {isa = PBXFileReference; explicitFileType = wrapper.application; includeInIndex = 0; path = knowu.app; sourceTree = BUILT_PRODUCTS_DIR; };
		19668EEC24A6AA6200759313 /* AppDelegate.swift */ = {isa = PBXFileReference; lastKnownFileType = sourcecode.swift; path = AppDelegate.swift; sourceTree = "<group>"; };
		19668EEE24A6AA6200759313 /* ViewController.swift */ = {isa = PBXFileReference; lastKnownFileType = sourcecode.swift; path = ViewController.swift; sourceTree = "<group>"; };
		19668EF124A6AA6200759313 /* Base */ = {isa = PBXFileReference; lastKnownFileType = file.storyboard; name = Base; path = Base.lproj/Main.storyboard; sourceTree = "<group>"; };
		19668EF324A6AA6C00759313 /* Assets.xcassets */ = {isa = PBXFileReference; lastKnownFileType = folder.assetcatalog; path = Assets.xcassets; sourceTree = "<group>"; };
		19668EF624A6AA6C00759313 /* Base */ = {isa = PBXFileReference; lastKnownFileType = file.storyboard; name = Base; path = Base.lproj/LaunchScreen.storyboard; sourceTree = "<group>"; };
		19668EF824A6AA6C00759313 /* Info.plist */ = {isa = PBXFileReference; lastKnownFileType = text.plist.xml; path = Info.plist; sourceTree = "<group>"; };
		19668EFD24A6AA6D00759313 /* knowuTests.xctest */ = {isa = PBXFileReference; explicitFileType = wrapper.cfbundle; includeInIndex = 0; path = knowuTests.xctest; sourceTree = BUILT_PRODUCTS_DIR; };
		19668F0124A6AA6D00759313 /* knowuTests.swift */ = {isa = PBXFileReference; lastKnownFileType = sourcecode.swift; path = knowuTests.swift; sourceTree = "<group>"; };
		19668F0324A6AA6D00759313 /* Info.plist */ = {isa = PBXFileReference; lastKnownFileType = text.plist.xml; path = Info.plist; sourceTree = "<group>"; };
		19668F0824A6AA6D00759313 /* knowuUITests.xctest */ = {isa = PBXFileReference; explicitFileType = wrapper.cfbundle; includeInIndex = 0; path = knowuUITests.xctest; sourceTree = BUILT_PRODUCTS_DIR; };
		19668F0C24A6AA6D00759313 /* knowuUITests.swift */ = {isa = PBXFileReference; lastKnownFileType = sourcecode.swift; path = knowuUITests.swift; sourceTree = "<group>"; };
		19668F0E24A6AA6D00759313 /* Info.plist */ = {isa = PBXFileReference; lastKnownFileType = text.plist.xml; path = Info.plist; sourceTree = "<group>"; };
/* End PBXFileReference section */

/* Begin PBXFrameworksBuildPhase section */
		19668EE624A6AA6200759313 /* Frameworks */ = {
			isa = PBXFrameworksBuildPhase;
			buildActionMask = 2147483647;
			files = (
			);
			runOnlyForDeploymentPostprocessing = 0;
		};
		19668EFA24A6AA6D00759313 /* Frameworks */ = {
			isa = PBXFrameworksBuildPhase;
			buildActionMask = 2147483647;
			files = (
			);
			runOnlyForDeploymentPostprocessing = 0;
		};
		19668F0524A6AA6D00759313 /* Frameworks */ = {
			isa = PBXFrameworksBuildPhase;
			buildActionMask = 2147483647;
			files = (
			);
			runOnlyForDeploymentPostprocessing = 0;
		};
/* End PBXFrameworksBuildPhase section */

/* Begin PBXGroup section */
		19668EE024A6AA6200759313 = {
			isa = PBXGroup;
			children = (
				19668EEB24A6AA6200759313 /* knowu */,
				19668F0024A6AA6D00759313 /* knowuTests */,
				19668F0B24A6AA6D00759313 /* knowuUITests */,
				19668EEA24A6AA6200759313 /* Products */,
			);
			sourceTree = "<group>";
		};
		19668EEA24A6AA6200759313 /* Products */ = {
			isa = PBXGroup;
			children = (
				19668EE924A6AA6200759313 /* knowu.app */,
				19668EFD24A6AA6D00759313 /* knowuTests.xctest */,
				19668F0824A6AA6D00759313 /* knowuUITests.xctest */,
			);
			name = Products;
			sourceTree = "<group>";
		};
		19668EEB24A6AA6200759313 /* knowu */ = {
			isa = PBXGroup;
			children = (
				19668EEC24A6AA6200759313 /* AppDelegate.swift */,
				19668EEE24A6AA6200759313 /* ViewController.swift */,
				19668EF024A6AA6200759313 /* Main.storyboard */,
				19668EF324A6AA6C00759313 /* Assets.xcassets */,
				19668EF524A6AA6C00759313 /* LaunchScreen.storyboard */,
				19668EF824A6AA6C00759313 /* Info.plist */,
			);
			path = knowu;
			sourceTree = "<group>";
		};
		19668F0024A6AA6D00759313 /* knowuTests */ = {
			isa = PBXGroup;
			children = (
				19668F0124A6AA6D00759313 /* knowuTests.swift */,
				19668F0324A6AA6D00759313 /* Info.plist */,
			);
			path = knowuTests;
			sourceTree = "<group>";
		};
		19668F0B24A6AA6D00759313 /* knowuUITests */ = {
			isa = PBXGroup;
			children = (
				19668F0C24A6AA6D00759313 /* knowuUITests.swift */,
				19668F0E24A6AA6D00759313 /* Info.plist */,
			);
			path = knowuUITests;
			sourceTree = "<group>";
		};
/* End PBXGroup section */

/* Begin PBXNativeTarget section */
		19668EE824A6AA6200759313 /* knowu */ = {
			isa = PBXNativeTarget;
			buildConfigurationList = 19668F1124A6AA6D00759313 /* Build configuration list for PBXNativeTarget "knowu" */;
			buildPhases = (
				19668EE524A6AA6200759313 /* Sources */,
				19668EE624A6AA6200759313 /* Frameworks */,
				19668EE724A6AA6200759313 /* Resources */,
			);
			buildRules = (
			);
			dependencies = (
			);
			name = knowu;
			productName = knowu;
			productReference = 19668EE924A6AA6200759313 /* knowu.app */;
			productType = "com.apple.product-type.application";
		};
		19668EFC24A6AA6D00759313 /* knowuTests */ = {
			isa = PBXNativeTarget;
			buildConfigurationList = 19668F1424A6AA6D00759313 /* Build configuration list for PBXNativeTarget "knowuTests" */;
			buildPhases = (
				19668EF924A6AA6D00759313 /* Sources */,
				19668EFA24A6AA6D00759313 /* Frameworks */,
				19668EFB24A6AA6D00759313 /* Resources */,
			);
			buildRules = (
			);
			dependencies = (
				19668EFF24A6AA6D00759313 /* PBXTargetDependency */,
			);
			name = knowuTests;
			productName = knowuTests;
			productReference = 19668EFD24A6AA6D00759313 /* knowuTests.xctest */;
			productType = "com.apple.product-type.bundle.unit-test";
		};
		19668F0724A6AA6D00759313 /* knowuUITests */ = {
			isa = PBXNativeTarget;
			buildConfigurationList = 19668F1724A6AA6D00759313 /* Build configuration list for PBXNativeTarget "knowuUITests" */;
			buildPhases = (
				19668F0424A6AA6D00759313 /* Sources */,
				19668F0524A6AA6D00759313 /* Frameworks */,
				19668F0624A6AA6D00759313 /* Resources */,
			);
			buildRules = (
			);
			dependencies = (
				19668F0A24A6AA6D00759313 /* PBXTargetDependency */,
			);
			name = knowuUITests;
			productName = knowuUITests;
			productReference = 19668F0824A6AA6D00759313 /* knowuUITests.xctest */;
			productType = "com.apple.product-type.bundle.ui-testing";
		};
/* End PBXNativeTarget section */

/* Begin PBXProject section */
		19668EE124A6AA6200759313 /* Project object */ = {
			isa = PBXProject;
			attributes = {
				LastSwiftUpdateCheck = 1020;
				LastUpgradeCheck = 1020;
				ORGANIZATIONNAME = "Andy Le";
				TargetAttributes = {
					19668EE824A6AA6200759313 = {
						CreatedOnToolsVersion = 10.2;
					};
					19668EFC24A6AA6D00759313 = {
						CreatedOnToolsVersion = 10.2;
						TestTargetID = 19668EE824A6AA6200759313;
					};
					19668F0724A6AA6D00759313 = {
						CreatedOnToolsVersion = 10.2;
						TestTargetID = 19668EE824A6AA6200759313;
					};
				};
			};
			buildConfigurationList = 19668EE424A6AA6200759313 /* Build configuration list for PBXProject "knowu" */;
			compatibilityVersion = "Xcode 9.3";
			developmentRegion = en;
			hasScannedForEncodings = 0;
			knownRegions = (
				en,
				Base,
			);
			mainGroup = 19668EE024A6AA6200759313;
			productRefGroup = 19668EEA24A6AA6200759313 /* Products */;
			projectDirPath = "";
			projectRoot = "";
			targets = (
				19668EE824A6AA6200759313 /* knowu */,
				19668EFC24A6AA6D00759313 /* knowuTests */,
				19668F0724A6AA6D00759313 /* knowuUITests */,
			);
		};
/* End PBXProject section */

/* Begin PBXResourcesBuildPhase section */
		19668EE724A6AA6200759313 /* Resources */ = {
			isa = PBXResourcesBuildPhase;
			buildActionMask = 2147483647;
			files = (
				19668EF724A6AA6C00759313 /* LaunchScreen.storyboard in Resources */,
				19668EF424A6AA6C00759313 /* Assets.xcassets in Resources */,
				19668EF224A6AA6200759313 /* Main.storyboard in Resources */,
			);
			runOnlyForDeploymentPostprocessing = 0;
		};
		19668EFB24A6AA6D00759313 /* Resources */ = {
			isa = PBXResourcesBuildPhase;
			buildActionMask = 2147483647;
			files = (
			);
			runOnlyForDeploymentPostprocessing = 0;
		};
		19668F0624A6AA6D00759313 /* Resources */ = {
			isa = PBXResourcesBuildPhase;
			buildActionMask = 2147483647;
			files = (
			);
			runOnlyForDeploymentPostprocessing = 0;
		};
/* End PBXResourcesBuildPhase section */

/* Begin PBXSourcesBuildPhase section */
		19668EE524A6AA6200759313 /* Sources */ = {
			isa = PBXSourcesBuildPhase;
			buildActionMask = 2147483647;
			files = (
				19668EEF24A6AA6200759313 /* ViewController.swift in Sources */,
				19668EED24A6AA6200759313 /* AppDelegate.swift in Sources */,
			);
			runOnlyForDeploymentPostprocessing = 0;
		};
		19668EF924A6AA6D00759313 /* Sources */ = {
			isa = PBXSourcesBuildPhase;
			buildActionMask = 2147483647;
			files = (
				19668F0224A6AA6D00759313 /* knowuTests.swift in Sources */,
			);
			runOnlyForDeploymentPostprocessing = 0;
		};
		19668F0424A6AA6D00759313 /* Sources */ = {
			isa = PBXSourcesBuildPhase;
			buildActionMask = 2147483647;
			files = (
				19668F0D24A6AA6D00759313 /* knowuUITests.swift in Sources */,
			);
			runOnlyForDeploymentPostprocessing = 0;
		};
/* End PBXSourcesBuildPhase section */

/* Begin PBXTargetDependency section */
		19668EFF24A6AA6D00759313 /* PBXTargetDependency */ = {
			isa = PBXTargetDependency;
			target = 19668EE824A6AA6200759313 /* knowu */;
			targetProxy = 19668EFE24A6AA6D00759313 /* PBXContainerItemProxy */;
		};
		19668F0A24A6AA6D00759313 /* PBXTargetDependency */ = {
			isa = PBXTargetDependency;
			target = 19668EE824A6AA6200759313 /* knowu */;
			targetProxy = 19668F0924A6AA6D00759313 /* PBXContainerItemProxy */;
		};
/* End PBXTargetDependency section */

/* Begin PBXVariantGroup section */
		19668EF024A6AA6200759313 /* Main.storyboard */ = {
			isa = PBXVariantGroup;
			children = (
				19668EF124A6AA6200759313 /* Base */,
			);
			name = Main.storyboard;
			sourceTree = "<group>";
		};
		19668EF524A6AA6C00759313 /* LaunchScreen.storyboard */ = {
			isa = PBXVariantGroup;
			children = (
				19668EF624A6AA6C00759313 /* Base */,
			);
			name = LaunchScreen.storyboard;
			sourceTree = "<group>";
		};
/* End PBXVariantGroup section */

/* Begin XCBuildConfiguration section */
		19668F0F24A6AA6D00759313 /* Debug */ = {
			isa = XCBuildConfiguration;
			buildSettings = {
				ALWAYS_SEARCH_USER_PATHS = NO;
				CLANG_ANALYZER_NONNULL = YES;
				CLANG_ANALYZER_NUMBER_OBJECT_CONVERSION = YES_AGGRESSIVE;
				CLANG_CXX_LANGUAGE_STANDARD = "gnu++14";
				CLANG_CXX_LIBRARY = "libc++";
				CLANG_ENABLE_MODULES = YES;
				CLANG_ENABLE_OBJC_ARC = YES;
				CLANG_ENABLE_OBJC_WEAK = YES;
				CLANG_WARN_BLOCK_CAPTURE_AUTORELEASING = YES;
				CLANG_WARN_BOOL_CONVERSION = YES;
				CLANG_WARN_COMMA = YES;
				CLANG_WARN_CONSTANT_CONVERSION = YES;
				CLANG_WARN_DEPRECATED_OBJC_IMPLEMENTATIONS = YES;
				CLANG_WARN_DIRECT_OBJC_ISA_USAGE = YES_ERROR;
				CLANG_WARN_DOCUMENTATION_COMMENTS = YES;
				CLANG_WARN_EMPTY_BODY = YES;
				CLANG_WARN_ENUM_CONVERSION = YES;
				CLANG_WARN_INFINITE_RECURSION = YES;
				CLANG_WARN_INT_CONVERSION = YES;
				CLANG_WARN_NON_LITERAL_NULL_CONVERSION = YES;
				CLANG_WARN_OBJC_IMPLICIT_RETAIN_SELF = YES;
				CLANG_WARN_OBJC_LITERAL_CONVERSION = YES;
				CLANG_WARN_OBJC_ROOT_CLASS = YES_ERROR;
				CLANG_WARN_RANGE_LOOP_ANALYSIS = YES;
				CLANG_WARN_STRICT_PROTOTYPES = YES;
				CLANG_WARN_SUSPICIOUS_MOVE = YES;
				CLANG_WARN_UNGUARDED_AVAILABILITY = YES_AGGRESSIVE;
				CLANG_WARN_UNREACHABLE_CODE = YES;
				CLANG_WARN__DUPLICATE_METHOD_MATCH = YES;
				CODE_SIGN_IDENTITY = "iPhone Developer";
				COPY_PHASE_STRIP = NO;
				DEBUG_INFORMATION_FORMAT = dwarf;
				ENABLE_STRICT_OBJC_MSGSEND = YES;
				ENABLE_TESTABILITY = YES;
				GCC_C_LANGUAGE_STANDARD = gnu11;
				GCC_DYNAMIC_NO_PIC = NO;
				GCC_NO_COMMON_BLOCKS = YES;
				GCC_OPTIMIZATION_LEVEL = 0;
				GCC_PREPROCESSOR_DEFINITIONS = (
					"DEBUG=1",
					"$(inherited)",
				);
				GCC_WARN_64_TO_32_BIT_CONVERSION = YES;
				GCC_WARN_ABOUT_RETURN_TYPE = YES_ERROR;
				GCC_WARN_UNDECLARED_SELECTOR = YES;
				GCC_WARN_UNINITIALIZED_AUTOS = YES_AGGRESSIVE;
				GCC_WARN_UNUSED_FUNCTION = YES;
				GCC_WARN_UNUSED_VARIABLE = YES;
				IPHONEOS_DEPLOYMENT_TARGET = 12.2;
				MTL_ENABLE_DEBUG_INFO = INCLUDE_SOURCE;
				MTL_FAST_MATH = YES;
				ONLY_ACTIVE_ARCH = YES;
				SDKROOT = iphoneos;
				SWIFT_ACTIVE_COMPILATION_CONDITIONS = DEBUG;
				SWIFT_OPTIMIZATION_LEVEL = "-Onone";
			};
			name = Debug;
		};
		19668F1024A6AA6D00759313 /* Release */ = {
			isa = XCBuildConfiguration;
			buildSettings = {
				ALWAYS_SEARCH_USER_PATHS = NO;
				CLANG_ANALYZER_NONNULL = YES;
				CLANG_ANALYZER_NUMBER_OBJECT_CONVERSION = YES_AGGRESSIVE;
				CLANG_CXX_LANGUAGE_STANDARD = "gnu++14";
				CLANG_CXX_LIBRARY = "libc++";
				CLANG_ENABLE_MODULES = YES;
				CLANG_ENABLE_OBJC_ARC = YES;
				CLANG_ENABLE_OBJC_WEAK = YES;
				CLANG_WARN_BLOCK_CAPTURE_AUTORELEASING = YES;
				CLANG_WARN_BOOL_CONVERSION = YES;
				CLANG_WARN_COMMA = YES;
				CLANG_WARN_CONSTANT_CONVERSION = YES;
				CLANG_WARN_DEPRECATED_OBJC_IMPLEMENTATIONS = YES;
				CLANG_WARN_DIRECT_OBJC_ISA_USAGE = YES_ERROR;
				CLANG_WARN_DOCUMENTATION_COMMENTS = YES;
				CLANG_WARN_EMPTY_BODY = YES;
				CLANG_WARN_ENUM_CONVERSION = YES;
				CLANG_WARN_INFINITE_RECURSION = YES;
				CLANG_WARN_INT_CONVERSION = YES;
				CLANG_WARN_NON_LITERAL_NULL_CONVERSION = YES;
				CLANG_WARN_OBJC_IMPLICIT_RETAIN_SELF = YES;
				CLANG_WARN_OBJC_LITERAL_CONVERSION = YES;
				CLANG_WARN_OBJC_ROOT_CLASS = YES_ERROR;
				CLANG_WARN_RANGE_LOOP_ANALYSIS = YES;
				CLANG_WARN_STRICT_PROTOTYPES = YES;
				CLANG_WARN_SUSPICIOUS_MOVE = YES;
				CLANG_WARN_UNGUARDED_AVAILABILITY = YES_AGGRESSIVE;
				CLANG_WARN_UNREACHABLE_CODE = YES;
				CLANG_WARN__DUPLICATE_METHOD_MATCH = YES;
				CODE_SIGN_IDENTITY = "iPhone Developer";
				COPY_PHASE_STRIP = NO;
				DEBUG_INFORMATION_FORMAT = "dwarf-with-dsym";
				ENABLE_NS_ASSERTIONS = NO;
				ENABLE_STRICT_OBJC_MSGSEND = YES;
				GCC_C_LANGUAGE_STANDARD = gnu11;
				GCC_NO_COMMON_BLOCKS = YES;
				GCC_WARN_64_TO_32_BIT_CONVERSION = YES;
				GCC_WARN_ABOUT_RETURN_TYPE = YES_ERROR;
				GCC_WARN_UNDECLARED_SELECTOR = YES;
				GCC_WARN_UNINITIALIZED_AUTOS = YES_AGGRESSIVE;
				GCC_WARN_UNUSED_FUNCTION = YES;
				GCC_WARN_UNUSED_VARIABLE = YES;
				IPHONEOS_DEPLOYMENT_TARGET = 12.2;
				MTL_ENABLE_DEBUG_INFO = NO;
				MTL_FAST_MATH = YES;
				SDKROOT = iphoneos;
				SWIFT_COMPILATION_MODE = wholemodule;
				SWIFT_OPTIMIZATION_LEVEL = "-O";
				VALIDATE_PRODUCT = YES;
			};
			name = Release;
		};
		19668F1224A6AA6D00759313 /* Debug */ = {
			isa = XCBuildConfiguration;
			buildSettings = {
				ASSETCATALOG_COMPILER_APPICON_NAME = AppIcon;
				CODE_SIGN_STYLE = Automatic;
				INFOPLIST_FILE = knowu/Info.plist;
				LD_RUNPATH_SEARCH_PATHS = (
					"$(inherited)",
					"@executable_path/Frameworks",
				);
				PRODUCT_BUNDLE_IDENTIFIER = knowu.knowu;
				PRODUCT_NAME = "$(TARGET_NAME)";
				SWIFT_VERSION = 5.0;
				TARGETED_DEVICE_FAMILY = "1,2";
			};
			name = Debug;
		};
		19668F1324A6AA6D00759313 /* Release */ = {
			isa = XCBuildConfiguration;
			buildSettings = {
				ASSETCATALOG_COMPILER_APPICON_NAME = AppIcon;
				CODE_SIGN_STYLE = Automatic;
				INFOPLIST_FILE = knowu/Info.plist;
				LD_RUNPATH_SEARCH_PATHS = (
					"$(inherited)",
					"@executable_path/Frameworks",
				);
				PRODUCT_BUNDLE_IDENTIFIER = knowu.knowu;
				PRODUCT_NAME = "$(TARGET_NAME)";
				SWIFT_VERSION = 5.0;
				TARGETED_DEVICE_FAMILY = "1,2";
			};
			name = Release;
		};
		19668F1524A6AA6D00759313 /* Debug */ = {
			isa = XCBuildConfiguration;
			buildSettings = {
				ALWAYS_EMBED_SWIFT_STANDARD_LIBRARIES = YES;
				BUNDLE_LOADER = "$(TEST_HOST)";
				CODE_SIGN_STYLE = Automatic;
				INFOPLIST_FILE = knowuTests/Info.plist;
				LD_RUNPATH_SEARCH_PATHS = (
					"$(inherited)",
					"@executable_path/Frameworks",
					"@loader_path/Frameworks",
				);
				PRODUCT_BUNDLE_IDENTIFIER = knowu.knowuTests;
				PRODUCT_NAME = "$(TARGET_NAME)";
				SWIFT_VERSION = 5.0;
				TARGETED_DEVICE_FAMILY = "1,2";
				TEST_HOST = "$(BUILT_PRODUCTS_DIR)/knowu.app/knowu";
			};
			name = Debug;
		};
		19668F1624A6AA6D00759313 /* Release */ = {
			isa = XCBuildConfiguration;
			buildSettings = {
				ALWAYS_EMBED_SWIFT_STANDARD_LIBRARIES = YES;
				BUNDLE_LOADER = "$(TEST_HOST)";
				CODE_SIGN_STYLE = Automatic;
				INFOPLIST_FILE = knowuTests/Info.plist;
				LD_RUNPATH_SEARCH_PATHS = (
					"$(inherited)",
					"@executable_path/Frameworks",
					"@loader_path/Frameworks",
				);
				PRODUCT_BUNDLE_IDENTIFIER = knowu.knowuTests;
				PRODUCT_NAME = "$(TARGET_NAME)";
				SWIFT_VERSION = 5.0;
				TARGETED_DEVICE_FAMILY = "1,2";
				TEST_HOST = "$(BUILT_PRODUCTS_DIR)/knowu.app/knowu";
			};
			name = Release;
		};
		19668F1824A6AA6D00759313 /* Debug */ = {
			isa = XCBuildConfiguration;
			buildSettings = {
				ALWAYS_EMBED_SWIFT_STANDARD_LIBRARIES = YES;
				CODE_SIGN_STYLE = Automatic;
				INFOPLIST_FILE = knowuUITests/Info.plist;
				LD_RUNPATH_SEARCH_PATHS = (
					"$(inherited)",
					"@executable_path/Frameworks",
					"@loader_path/Frameworks",
				);
				PRODUCT_BUNDLE_IDENTIFIER = knowu.knowuUITests;
				PRODUCT_NAME = "$(TARGET_NAME)";
				SWIFT_VERSION = 5.0;
				TARGETED_DEVICE_FAMILY = "1,2";
				TEST_TARGET_NAME = knowu;
			};
			name = Debug;
		};
		19668F1924A6AA6D00759313 /* Release */ = {
			isa = XCBuildConfiguration;
			buildSettings = {
				ALWAYS_EMBED_SWIFT_STANDARD_LIBRARIES = YES;
				CODE_SIGN_STYLE = Automatic;
				INFOPLIST_FILE = knowuUITests/Info.plist;
				LD_RUNPATH_SEARCH_PATHS = (
					"$(inherited)",
					"@executable_path/Frameworks",
					"@loader_path/Frameworks",
				);
				PRODUCT_BUNDLE_IDENTIFIER = knowu.knowuUITests;
				PRODUCT_NAME = "$(TARGET_NAME)";
				SWIFT_VERSION = 5.0;
				TARGETED_DEVICE_FAMILY = "1,2";
				TEST_TARGET_NAME = knowu;
			};
			name = Release;
		};
/* End XCBuildConfiguration section */

/* Begin XCConfigurationList section */
		19668EE424A6AA6200759313 /* Build configuration list for PBXProject "knowu" */ = {
			isa = XCConfigurationList;
			buildConfigurations = (
				19668F0F24A6AA6D00759313 /* Debug */,
				19668F1024A6AA6D00759313 /* Release */,
			);
			defaultConfigurationIsVisible = 0;
			defaultConfigurationName = Release;
		};
		19668F1124A6AA6D00759313 /* Build configuration list for PBXNativeTarget "knowu" */ = {
			isa = XCConfigurationList;
			buildConfigurations = (
				19668F1224A6AA6D00759313 /* Debug */,
				19668F1324A6AA6D00759313 /* Release */,
			);
			defaultConfigurationIsVisible = 0;
			defaultConfigurationName = Release;
		};
		19668F1424A6AA6D00759313 /* Build configuration list for PBXNativeTarget "knowuTests" */ = {
			isa = XCConfigurationList;
			buildConfigurations = (
				19668F1524A6AA6D00759313 /* Debug */,
				19668F1624A6AA6D00759313 /* Release */,
			);
			defaultConfigurationIsVisible = 0;
			defaultConfigurationName = Release;
		};
		19668F1724A6AA6D00759313 /* Build configuration list for PBXNativeTarget "knowuUITests" */ = {
			isa = XCConfigurationList;
			buildConfigurations = (
				19668F1824A6AA6D00759313 /* Debug */,
				19668F1924A6AA6D00759313 /* Release */,
			);
			defaultConfigurationIsVisible = 0;
			defaultConfigurationName = Release;
		};
/* End XCConfigurationList section */
	};
	rootObject = 19668EE124A6AA6200759313 /* Project object */;
}
